// !$*UTF8*$!
{
	archiveVersion = 1;
	classes = {
	};
	objectVersion = 55;
	objects = {

/* Begin PBXBuildFile section */
		C40DCF0B28ECA85F009E4F3A /* AppDelegate.swift in Sources */ = {isa = PBXBuildFile; fileRef = C40DCF0A28ECA85F009E4F3A /* AppDelegate.swift */; };
		C40DCF0D28ECA85F009E4F3A /* SceneDelegate.swift in Sources */ = {isa = PBXBuildFile; fileRef = C40DCF0C28ECA85F009E4F3A /* SceneDelegate.swift */; };
		C40DCF0F28ECA85F009E4F3A /* MainViewController.swift in Sources */ = {isa = PBXBuildFile; fileRef = C40DCF0E28ECA85F009E4F3A /* MainViewController.swift */; };
		C40DCF1428ECA860009E4F3A /* Assets.xcassets in Resources */ = {isa = PBXBuildFile; fileRef = C40DCF1328ECA860009E4F3A /* Assets.xcassets */; };
		C40DCF1728ECA860009E4F3A /* LaunchScreen.storyboard in Resources */ = {isa = PBXBuildFile; fileRef = C40DCF1528ECA860009E4F3A /* LaunchScreen.storyboard */; };
		C40DCF2428EDD7A9009E4F3A /* CalendarView.swift in Sources */ = {isa = PBXBuildFile; fileRef = C40DCF2328EDD7A9009E4F3A /* CalendarView.swift */; };
		C40DCF2628EDF1AC009E4F3A /* WeatherView.swift in Sources */ = {isa = PBXBuildFile; fileRef = C40DCF2528EDF1AC009E4F3A /* WeatherView.swift */; };
		C419DFC32901B6E7000E867B /* MainTableView.swift in Sources */ = {isa = PBXBuildFile; fileRef = C419DFC22901B6E7000E867B /* MainTableView.swift */; };
		C419DFC62901BB13000E867B /* StatisticTableView.swift in Sources */ = {isa = PBXBuildFile; fileRef = C419DFC52901BB13000E867B /* StatisticTableView.swift */; };
		C419DFC82901C016000E867B /* CalendarCollectionView.swift in Sources */ = {isa = PBXBuildFile; fileRef = C419DFC72901C016000E867B /* CalendarCollectionView.swift */; };
		C419DFCB2901CB3F000E867B /* Realm in Frameworks */ = {isa = PBXBuildFile; productRef = C419DFCA2901CB3F000E867B /* Realm */; };
		C419DFCD2901CB3F000E867B /* RealmSwift in Frameworks */ = {isa = PBXBuildFile; productRef = C419DFCC2901CB3F000E867B /* RealmSwift */; };
		C422B6A428F89437008C1E9F /* MainTabBarController.swift in Sources */ = {isa = PBXBuildFile; fileRef = C422B6A328F89437008C1E9F /* MainTabBarController.swift */; };
		C442E60D28F08EB100A788AD /* Roboto-Medium.ttf in Resources */ = {isa = PBXBuildFile; fileRef = C442E60B28F08EB100A788AD /* Roboto-Medium.ttf */; };
		C442E60E28F08EB100A788AD /* Roboto-Bold.ttf in Resources */ = {isa = PBXBuildFile; fileRef = C442E60C28F08EB100A788AD /* Roboto-Bold.ttf */; };
		C442E61228F0913600A788AD /* UIView + Extensions.swift in Sources */ = {isa = PBXBuildFile; fileRef = C442E61128F0913600A788AD /* UIView + Extensions.swift */; };
		C442E61428F098D900A788AD /* UIFont + Extensions.swift in Sources */ = {isa = PBXBuildFile; fileRef = C442E61328F098D900A788AD /* UIFont + Extensions.swift */; };
		C442E61728F09A5400A788AD /* UIColor + Extensions.swift in Sources */ = {isa = PBXBuildFile; fileRef = C442E61628F09A5400A788AD /* UIColor + Extensions.swift */; };
		C4593FB228F5C2E500B46057 /* WorkoutTableViewCell.swift in Sources */ = {isa = PBXBuildFile; fileRef = C4593FB128F5C2E500B46057 /* WorkoutTableViewCell.swift */; };
		C4593FB528F5D8A700B46057 /* UIStackView + Extensions.swift in Sources */ = {isa = PBXBuildFile; fileRef = C4593FB428F5D8A700B46057 /* UIStackView + Extensions.swift */; };
		C4593FB828F5DD8D00B46057 /* StatisticsViewController.swift in Sources */ = {isa = PBXBuildFile; fileRef = C4593FB728F5DD8D00B46057 /* StatisticsViewController.swift */; };
		C4593FBA28F6FD3F00B46057 /* StatistictsTableViewCell.swift in Sources */ = {isa = PBXBuildFile; fileRef = C4593FB928F6FD3F00B46057 /* StatistictsTableViewCell.swift */; };
		C488211F29058DD3002DB0A8 /* Int + Extensions.swift in Sources */ = {isa = PBXBuildFile; fileRef = C488211E29058DD3002DB0A8 /* Int + Extensions.swift */; };
		C48821222905A8B7002DB0A8 /* WorkoutModel.swift in Sources */ = {isa = PBXBuildFile; fileRef = C48821212905A8B7002DB0A8 /* WorkoutModel.swift */; };
		C493A86628FF1CAD0080C8F6 /* UILabel + Extensions.swift in Sources */ = {isa = PBXBuildFile; fileRef = C493A86528FF1CAD0080C8F6 /* UILabel + Extensions.swift */; };
		C493A86928FF1D370080C8F6 /* BrownTextField.swift in Sources */ = {isa = PBXBuildFile; fileRef = C493A86828FF1D370080C8F6 /* BrownTextField.swift */; };
		C493A86B28FF1DA00080C8F6 /* CloseButton.swift in Sources */ = {isa = PBXBuildFile; fileRef = C493A86A28FF1DA00080C8F6 /* CloseButton.swift */; };
		C493A86D28FF1DC70080C8F6 /* GreenButton.swift in Sources */ = {isa = PBXBuildFile; fileRef = C493A86C28FF1DC70080C8F6 /* GreenButton.swift */; };
		C493A86F28FF1E140080C8F6 /* GreenSlider.swift in Sources */ = {isa = PBXBuildFile; fileRef = C493A86E28FF1E140080C8F6 /* GreenSlider.swift */; };
		C493A87128FF20610080C8F6 /* NameView.swift in Sources */ = {isa = PBXBuildFile; fileRef = C493A87028FF20610080C8F6 /* NameView.swift */; };
		C493A87428FF20BD0080C8F6 /* SliderView.swift in Sources */ = {isa = PBXBuildFile; fileRef = C493A87328FF20BD0080C8F6 /* SliderView.swift */; };
		C49DD96D28F32B2800A0D1C0 /* CalendarCollectionViewCell.swift in Sources */ = {isa = PBXBuildFile; fileRef = C49DD96C28F32B2800A0D1C0 /* CalendarCollectionViewCell.swift */; };
		C4C2CEAF28FC522700FCD071 /* NewWorkoutViewController.swift in Sources */ = {isa = PBXBuildFile; fileRef = C4C2CEAE28FC522700FCD071 /* NewWorkoutViewController.swift */; };
		C4C2CEB128FC753600FCD071 /* DateAndRepeatView.swift in Sources */ = {isa = PBXBuildFile; fileRef = C4C2CEB028FC753600FCD071 /* DateAndRepeatView.swift */; };
		C4C2CEB328FC755100FCD071 /* RepsOrTimerView.swift in Sources */ = {isa = PBXBuildFile; fileRef = C4C2CEB228FC755100FCD071 /* RepsOrTimerView.swift */; };
		C4D19D872905BB8D00F124BC /* SliderType.swift in Sources */ = {isa = PBXBuildFile; fileRef = C4D19D862905BB8D00F124BC /* SliderType.swift */; };
		C4ED1EBE2908445E00BF16DD /* Date.swift in Sources */ = {isa = PBXBuildFile; fileRef = C4ED1EBD2908445E00BF16DD /* Date.swift */; };
		C4ED1EC129084AE900BF16DD /* RealmManager.swift in Sources */ = {isa = PBXBuildFile; fileRef = C4ED1EC029084AE900BF16DD /* RealmManager.swift */; };
/* End PBXBuildFile section */

/* Begin PBXFileReference section */
		C40DCF0728ECA85F009E4F3A /* WorkoutTracker.app */ = {isa = PBXFileReference; explicitFileType = wrapper.application; includeInIndex = 0; path = WorkoutTracker.app; sourceTree = BUILT_PRODUCTS_DIR; };
		C40DCF0A28ECA85F009E4F3A /* AppDelegate.swift */ = {isa = PBXFileReference; lastKnownFileType = sourcecode.swift; path = AppDelegate.swift; sourceTree = "<group>"; };
		C40DCF0C28ECA85F009E4F3A /* SceneDelegate.swift */ = {isa = PBXFileReference; lastKnownFileType = sourcecode.swift; path = SceneDelegate.swift; sourceTree = "<group>"; };
		C40DCF0E28ECA85F009E4F3A /* MainViewController.swift */ = {isa = PBXFileReference; lastKnownFileType = sourcecode.swift; path = MainViewController.swift; sourceTree = "<group>"; };
		C40DCF1328ECA860009E4F3A /* Assets.xcassets */ = {isa = PBXFileReference; lastKnownFileType = folder.assetcatalog; path = Assets.xcassets; sourceTree = "<group>"; };
		C40DCF1628ECA860009E4F3A /* Base */ = {isa = PBXFileReference; lastKnownFileType = file.storyboard; name = Base; path = Base.lproj/LaunchScreen.storyboard; sourceTree = "<group>"; };
		C40DCF1828ECA860009E4F3A /* Info.plist */ = {isa = PBXFileReference; lastKnownFileType = text.plist.xml; path = Info.plist; sourceTree = "<group>"; };
		C40DCF2328EDD7A9009E4F3A /* CalendarView.swift */ = {isa = PBXFileReference; lastKnownFileType = sourcecode.swift; path = CalendarView.swift; sourceTree = "<group>"; };
		C40DCF2528EDF1AC009E4F3A /* WeatherView.swift */ = {isa = PBXFileReference; lastKnownFileType = sourcecode.swift; path = WeatherView.swift; sourceTree = "<group>"; };
		C419DFC22901B6E7000E867B /* MainTableView.swift */ = {isa = PBXFileReference; lastKnownFileType = sourcecode.swift; path = MainTableView.swift; sourceTree = "<group>"; };
		C419DFC52901BB13000E867B /* StatisticTableView.swift */ = {isa = PBXFileReference; lastKnownFileType = sourcecode.swift; path = StatisticTableView.swift; sourceTree = "<group>"; };
		C419DFC72901C016000E867B /* CalendarCollectionView.swift */ = {isa = PBXFileReference; lastKnownFileType = sourcecode.swift; path = CalendarCollectionView.swift; sourceTree = "<group>"; };
		C422B6A328F89437008C1E9F /* MainTabBarController.swift */ = {isa = PBXFileReference; lastKnownFileType = sourcecode.swift; path = MainTabBarController.swift; sourceTree = "<group>"; };
		C442E60B28F08EB100A788AD /* Roboto-Medium.ttf */ = {isa = PBXFileReference; lastKnownFileType = file; path = "Roboto-Medium.ttf"; sourceTree = "<group>"; };
		C442E60C28F08EB100A788AD /* Roboto-Bold.ttf */ = {isa = PBXFileReference; lastKnownFileType = file; path = "Roboto-Bold.ttf"; sourceTree = "<group>"; };
		C442E61128F0913600A788AD /* UIView + Extensions.swift */ = {isa = PBXFileReference; lastKnownFileType = sourcecode.swift; path = "UIView + Extensions.swift"; sourceTree = "<group>"; };
		C442E61328F098D900A788AD /* UIFont + Extensions.swift */ = {isa = PBXFileReference; lastKnownFileType = sourcecode.swift; path = "UIFont + Extensions.swift"; sourceTree = "<group>"; };
		C442E61628F09A5400A788AD /* UIColor + Extensions.swift */ = {isa = PBXFileReference; lastKnownFileType = sourcecode.swift; path = "UIColor + Extensions.swift"; sourceTree = "<group>"; };
		C4593FB128F5C2E500B46057 /* WorkoutTableViewCell.swift */ = {isa = PBXFileReference; lastKnownFileType = sourcecode.swift; path = WorkoutTableViewCell.swift; sourceTree = "<group>"; };
		C4593FB428F5D8A700B46057 /* UIStackView + Extensions.swift */ = {isa = PBXFileReference; lastKnownFileType = sourcecode.swift; path = "UIStackView + Extensions.swift"; sourceTree = "<group>"; };
		C4593FB728F5DD8D00B46057 /* StatisticsViewController.swift */ = {isa = PBXFileReference; lastKnownFileType = sourcecode.swift; path = StatisticsViewController.swift; sourceTree = "<group>"; };
		C4593FB928F6FD3F00B46057 /* StatistictsTableViewCell.swift */ = {isa = PBXFileReference; lastKnownFileType = sourcecode.swift; path = StatistictsTableViewCell.swift; sourceTree = "<group>"; };
		C488211E29058DD3002DB0A8 /* Int + Extensions.swift */ = {isa = PBXFileReference; lastKnownFileType = sourcecode.swift; path = "Int + Extensions.swift"; sourceTree = "<group>"; };
		C48821212905A8B7002DB0A8 /* WorkoutModel.swift */ = {isa = PBXFileReference; lastKnownFileType = sourcecode.swift; path = WorkoutModel.swift; sourceTree = "<group>"; };
		C493A86528FF1CAD0080C8F6 /* UILabel + Extensions.swift */ = {isa = PBXFileReference; lastKnownFileType = sourcecode.swift; path = "UILabel + Extensions.swift"; sourceTree = "<group>"; };
		C493A86828FF1D370080C8F6 /* BrownTextField.swift */ = {isa = PBXFileReference; lastKnownFileType = sourcecode.swift; path = BrownTextField.swift; sourceTree = "<group>"; };
		C493A86A28FF1DA00080C8F6 /* CloseButton.swift */ = {isa = PBXFileReference; lastKnownFileType = sourcecode.swift; path = CloseButton.swift; sourceTree = "<group>"; };
		C493A86C28FF1DC70080C8F6 /* GreenButton.swift */ = {isa = PBXFileReference; lastKnownFileType = sourcecode.swift; path = GreenButton.swift; sourceTree = "<group>"; };
		C493A86E28FF1E140080C8F6 /* GreenSlider.swift */ = {isa = PBXFileReference; lastKnownFileType = sourcecode.swift; path = GreenSlider.swift; sourceTree = "<group>"; };
		C493A87028FF20610080C8F6 /* NameView.swift */ = {isa = PBXFileReference; lastKnownFileType = sourcecode.swift; path = NameView.swift; sourceTree = "<group>"; };
		C493A87328FF20BD0080C8F6 /* SliderView.swift */ = {isa = PBXFileReference; lastKnownFileType = sourcecode.swift; path = SliderView.swift; sourceTree = "<group>"; };
		C49DD96C28F32B2800A0D1C0 /* CalendarCollectionViewCell.swift */ = {isa = PBXFileReference; lastKnownFileType = sourcecode.swift; path = CalendarCollectionViewCell.swift; sourceTree = "<group>"; };
		C4C2CEAE28FC522700FCD071 /* NewWorkoutViewController.swift */ = {isa = PBXFileReference; lastKnownFileType = sourcecode.swift; path = NewWorkoutViewController.swift; sourceTree = "<group>"; };
		C4C2CEB028FC753600FCD071 /* DateAndRepeatView.swift */ = {isa = PBXFileReference; lastKnownFileType = sourcecode.swift; path = DateAndRepeatView.swift; sourceTree = "<group>"; };
		C4C2CEB228FC755100FCD071 /* RepsOrTimerView.swift */ = {isa = PBXFileReference; lastKnownFileType = sourcecode.swift; path = RepsOrTimerView.swift; sourceTree = "<group>"; };
		C4D19D862905BB8D00F124BC /* SliderType.swift */ = {isa = PBXFileReference; lastKnownFileType = sourcecode.swift; path = SliderType.swift; sourceTree = "<group>"; };
		C4ED1EBD2908445E00BF16DD /* Date.swift */ = {isa = PBXFileReference; lastKnownFileType = sourcecode.swift; path = Date.swift; sourceTree = "<group>"; };
		C4ED1EC029084AE900BF16DD /* RealmManager.swift */ = {isa = PBXFileReference; lastKnownFileType = sourcecode.swift; path = RealmManager.swift; sourceTree = "<group>"; };
/* End PBXFileReference section */

/* Begin PBXFrameworksBuildPhase section */
		C40DCF0428ECA85F009E4F3A /* Frameworks */ = {
			isa = PBXFrameworksBuildPhase;
			buildActionMask = 2147483647;
			files = (
				C419DFCD2901CB3F000E867B /* RealmSwift in Frameworks */,
				C419DFCB2901CB3F000E867B /* Realm in Frameworks */,
			);
			runOnlyForDeploymentPostprocessing = 0;
		};
/* End PBXFrameworksBuildPhase section */

/* Begin PBXGroup section */
		C40DCEFE28ECA85F009E4F3A = {
			isa = PBXGroup;
			children = (
				C40DCF0928ECA85F009E4F3A /* WorkoutTracker */,
				C40DCF0828ECA85F009E4F3A /* Products */,
			);
			sourceTree = "<group>";
		};
		C40DCF0828ECA85F009E4F3A /* Products */ = {
			isa = PBXGroup;
			children = (
				C40DCF0728ECA85F009E4F3A /* WorkoutTracker.app */,
			);
			name = Products;
			sourceTree = "<group>";
		};
		C40DCF0928ECA85F009E4F3A /* WorkoutTracker */ = {
			isa = PBXGroup;
			children = (
				C40DCF1E28ECB026009E4F3A /* Application */,
				C422B6A228F8940E008C1E9F /* NavigationModule */,
				C40DCF2028ECB09E009E4F3A /* MainModule */,
				C4C2CEAB28FC511200FCD071 /* NewWorkoutModule */,
				C4593FB628F5DA8B00B46057 /* StatisticModule */,
				C442E60F28F090B300A788AD /* Extensions */,
				C4ED1EBF290849C000BF16DD /* Service */,
				C40DCF1F28ECB040009E4F3A /* Resources */,
			);
			path = WorkoutTracker;
			sourceTree = "<group>";
		};
		C40DCF1E28ECB026009E4F3A /* Application */ = {
			isa = PBXGroup;
			children = (
				C40DCF0A28ECA85F009E4F3A /* AppDelegate.swift */,
				C40DCF0C28ECA85F009E4F3A /* SceneDelegate.swift */,
			);
			path = Application;
			sourceTree = "<group>";
		};
		C40DCF1F28ECB040009E4F3A /* Resources */ = {
			isa = PBXGroup;
			children = (
				C442E60A28F08E4200A788AD /* Fonts */,
				C40DCF1328ECA860009E4F3A /* Assets.xcassets */,
				C40DCF1528ECA860009E4F3A /* LaunchScreen.storyboard */,
				C40DCF1828ECA860009E4F3A /* Info.plist */,
			);
			path = Resources;
			sourceTree = "<group>";
		};
		C40DCF2028ECB09E009E4F3A /* MainModule */ = {
			isa = PBXGroup;
			children = (
				C48821202905A55F002DB0A8 /* Models */,
				C40DCF2128ECB108009E4F3A /* Views */,
				C40DCF2228ECB11F009E4F3A /* Controllers */,
			);
			path = MainModule;
			sourceTree = "<group>";
		};
		C40DCF2128ECB108009E4F3A /* Views */ = {
			isa = PBXGroup;
			children = (
				C419DFC12901B6C4000E867B /* Subviews */,
				C49DD96B28F32AE000A0D1C0 /* Cell */,
				C40DCF2328EDD7A9009E4F3A /* CalendarView.swift */,
				C40DCF2528EDF1AC009E4F3A /* WeatherView.swift */,
			);
			path = Views;
			sourceTree = "<group>";
		};
		C40DCF2228ECB11F009E4F3A /* Controllers */ = {
			isa = PBXGroup;
			children = (
				C40DCF0E28ECA85F009E4F3A /* MainViewController.swift */,
			);
			path = Controllers;
			sourceTree = "<group>";
		};
		C419DFC12901B6C4000E867B /* Subviews */ = {
			isa = PBXGroup;
			children = (
				C419DFC22901B6E7000E867B /* MainTableView.swift */,
				C419DFC72901C016000E867B /* CalendarCollectionView.swift */,
			);
			path = Subviews;
			sourceTree = "<group>";
		};
		C419DFC42901BAF0000E867B /* Subviews */ = {
			isa = PBXGroup;
			children = (
				C419DFC52901BB13000E867B /* StatisticTableView.swift */,
			);
			path = Subviews;
			sourceTree = "<group>";
		};
		C422B6A228F8940E008C1E9F /* NavigationModule */ = {
			isa = PBXGroup;
			children = (
				C422B6A328F89437008C1E9F /* MainTabBarController.swift */,
			);
			path = NavigationModule;
			sourceTree = "<group>";
		};
		C442E60A28F08E4200A788AD /* Fonts */ = {
			isa = PBXGroup;
			children = (
				C442E60C28F08EB100A788AD /* Roboto-Bold.ttf */,
				C442E60B28F08EB100A788AD /* Roboto-Medium.ttf */,
			);
			path = Fonts;
			sourceTree = "<group>";
		};
		C442E60F28F090B300A788AD /* Extensions */ = {
			isa = PBXGroup;
			children = (
				C493A86728FF1CD80080C8F6 /* Unique */,
				C442E61028F090F900A788AD /* UIKit */,
				C488211E29058DD3002DB0A8 /* Int + Extensions.swift */,
				C4ED1EBD2908445E00BF16DD /* Date.swift */,
			);
			path = Extensions;
			sourceTree = "<group>";
		};
		C442E61028F090F900A788AD /* UIKit */ = {
			isa = PBXGroup;
			children = (
				C442E61128F0913600A788AD /* UIView + Extensions.swift */,
				C442E61328F098D900A788AD /* UIFont + Extensions.swift */,
				C442E61628F09A5400A788AD /* UIColor + Extensions.swift */,
				C4593FB428F5D8A700B46057 /* UIStackView + Extensions.swift */,
				C493A86528FF1CAD0080C8F6 /* UILabel + Extensions.swift */,
			);
			path = UIKit;
			sourceTree = "<group>";
		};
		C4593FB628F5DA8B00B46057 /* StatisticModule */ = {
			isa = PBXGroup;
			children = (
				C4593FBC28F7005D00B46057 /* Controllers */,
				C4593FBB28F7005100B46057 /* Views */,
			);
			path = StatisticModule;
			sourceTree = "<group>";
		};
		C4593FBB28F7005100B46057 /* Views */ = {
			isa = PBXGroup;
			children = (
				C419DFC42901BAF0000E867B /* Subviews */,
				C4593FB928F6FD3F00B46057 /* StatistictsTableViewCell.swift */,
			);
			path = Views;
			sourceTree = "<group>";
		};
		C4593FBC28F7005D00B46057 /* Controllers */ = {
			isa = PBXGroup;
			children = (
				C4593FB728F5DD8D00B46057 /* StatisticsViewController.swift */,
			);
			path = Controllers;
			sourceTree = "<group>";
		};
		C48821202905A55F002DB0A8 /* Models */ = {
			isa = PBXGroup;
			children = (
				C48821212905A8B7002DB0A8 /* WorkoutModel.swift */,
			);
			path = Models;
			sourceTree = "<group>";
		};
		C493A86728FF1CD80080C8F6 /* Unique */ = {
			isa = PBXGroup;
			children = (
				C493A86828FF1D370080C8F6 /* BrownTextField.swift */,
				C493A86A28FF1DA00080C8F6 /* CloseButton.swift */,
				C493A86C28FF1DC70080C8F6 /* GreenButton.swift */,
				C493A86E28FF1E140080C8F6 /* GreenSlider.swift */,
			);
			path = Unique;
			sourceTree = "<group>";
		};
		C493A87228FF20950080C8F6 /* Subviews */ = {
			isa = PBXGroup;
			children = (
				C493A87328FF20BD0080C8F6 /* SliderView.swift */,
			);
			path = Subviews;
			sourceTree = "<group>";
		};
		C49DD96B28F32AE000A0D1C0 /* Cell */ = {
			isa = PBXGroup;
			children = (
				C49DD96C28F32B2800A0D1C0 /* CalendarCollectionViewCell.swift */,
				C4593FB128F5C2E500B46057 /* WorkoutTableViewCell.swift */,
			);
			path = Cell;
			sourceTree = "<group>";
		};
		C4C2CEAB28FC511200FCD071 /* NewWorkoutModule */ = {
			isa = PBXGroup;
			children = (
				C4D19D852905BB6000F124BC /* Model */,
				C4C2CEAC28FC519B00FCD071 /* Views */,
				C4C2CEAD28FC51B100FCD071 /* Controllers */,
			);
			path = NewWorkoutModule;
			sourceTree = "<group>";
		};
		C4C2CEAC28FC519B00FCD071 /* Views */ = {
			isa = PBXGroup;
			children = (
				C4C2CEB028FC753600FCD071 /* DateAndRepeatView.swift */,
				C4C2CEB228FC755100FCD071 /* RepsOrTimerView.swift */,
				C493A87028FF20610080C8F6 /* NameView.swift */,
				C493A87228FF20950080C8F6 /* Subviews */,
			);
			path = Views;
			sourceTree = "<group>";
		};
		C4C2CEAD28FC51B100FCD071 /* Controllers */ = {
			isa = PBXGroup;
			children = (
				C4C2CEAE28FC522700FCD071 /* NewWorkoutViewController.swift */,
			);
			path = Controllers;
			sourceTree = "<group>";
		};
		C4D19D852905BB6000F124BC /* Model */ = {
			isa = PBXGroup;
			children = (
				C4D19D862905BB8D00F124BC /* SliderType.swift */,
			);
			path = Model;
			sourceTree = "<group>";
		};
		C4ED1EBF290849C000BF16DD /* Service */ = {
			isa = PBXGroup;
			children = (
				C4ED1EC029084AE900BF16DD /* RealmManager.swift */,
			);
			path = Service;
			sourceTree = "<group>";
		};
/* End PBXGroup section */

/* Begin PBXNativeTarget section */
		C40DCF0628ECA85F009E4F3A /* WorkoutTracker */ = {
			isa = PBXNativeTarget;
			buildConfigurationList = C40DCF1B28ECA860009E4F3A /* Build configuration list for PBXNativeTarget "WorkoutTracker" */;
			buildPhases = (
				C40DCF0328ECA85F009E4F3A /* Sources */,
				C40DCF0428ECA85F009E4F3A /* Frameworks */,
				C40DCF0528ECA85F009E4F3A /* Resources */,
			);
			buildRules = (
			);
			dependencies = (
			);
			name = WorkoutTracker;
			packageProductDependencies = (
				C419DFCA2901CB3F000E867B /* Realm */,
				C419DFCC2901CB3F000E867B /* RealmSwift */,
			);
			productName = WorkoutTracker;
			productReference = C40DCF0728ECA85F009E4F3A /* WorkoutTracker.app */;
			productType = "com.apple.product-type.application";
		};
/* End PBXNativeTarget section */

/* Begin PBXProject section */
		C40DCEFF28ECA85F009E4F3A /* Project object */ = {
			isa = PBXProject;
			attributes = {
				BuildIndependentTargetsInParallel = 1;
				LastSwiftUpdateCheck = 1320;
				LastUpgradeCheck = 1320;
				TargetAttributes = {
					C40DCF0628ECA85F009E4F3A = {
						CreatedOnToolsVersion = 13.2.1;
					};
				};
			};
			buildConfigurationList = C40DCF0228ECA85F009E4F3A /* Build configuration list for PBXProject "WorkoutTracker" */;
			compatibilityVersion = "Xcode 13.0";
			developmentRegion = en;
			hasScannedForEncodings = 0;
			knownRegions = (
				en,
				Base,
			);
			mainGroup = C40DCEFE28ECA85F009E4F3A;
			packageReferences = (
				C419DFC92901CB3F000E867B /* XCRemoteSwiftPackageReference "realm-swift" */,
			);
			productRefGroup = C40DCF0828ECA85F009E4F3A /* Products */;
			projectDirPath = "";
			projectRoot = "";
			targets = (
				C40DCF0628ECA85F009E4F3A /* WorkoutTracker */,
			);
		};
/* End PBXProject section */

/* Begin PBXResourcesBuildPhase section */
		C40DCF0528ECA85F009E4F3A /* Resources */ = {
			isa = PBXResourcesBuildPhase;
			buildActionMask = 2147483647;
			files = (
				C40DCF1728ECA860009E4F3A /* LaunchScreen.storyboard in Resources */,
				C40DCF1428ECA860009E4F3A /* Assets.xcassets in Resources */,
				C442E60E28F08EB100A788AD /* Roboto-Bold.ttf in Resources */,
				C442E60D28F08EB100A788AD /* Roboto-Medium.ttf in Resources */,
			);
			runOnlyForDeploymentPostprocessing = 0;
		};
/* End PBXResourcesBuildPhase section */

/* Begin PBXSourcesBuildPhase section */
		C40DCF0328ECA85F009E4F3A /* Sources */ = {
			isa = PBXSourcesBuildPhase;
			buildActionMask = 2147483647;
			files = (
				C4C2CEB128FC753600FCD071 /* DateAndRepeatView.swift in Sources */,
				C493A86928FF1D370080C8F6 /* BrownTextField.swift in Sources */,
				C4D19D872905BB8D00F124BC /* SliderType.swift in Sources */,
				C419DFC32901B6E7000E867B /* MainTableView.swift in Sources */,
				C4593FB528F5D8A700B46057 /* UIStackView + Extensions.swift in Sources */,
				C40DCF2628EDF1AC009E4F3A /* WeatherView.swift in Sources */,
				C419DFC82901C016000E867B /* CalendarCollectionView.swift in Sources */,
				C40DCF0F28ECA85F009E4F3A /* MainViewController.swift in Sources */,
				C4593FB828F5DD8D00B46057 /* StatisticsViewController.swift in Sources */,
				C40DCF0B28ECA85F009E4F3A /* AppDelegate.swift in Sources */,
				C493A86D28FF1DC70080C8F6 /* GreenButton.swift in Sources */,
				C4593FB228F5C2E500B46057 /* WorkoutTableViewCell.swift in Sources */,
				C493A87428FF20BD0080C8F6 /* SliderView.swift in Sources */,
				C40DCF2428EDD7A9009E4F3A /* CalendarView.swift in Sources */,
				C493A86F28FF1E140080C8F6 /* GreenSlider.swift in Sources */,
				C493A87128FF20610080C8F6 /* NameView.swift in Sources */,
				C442E61228F0913600A788AD /* UIView + Extensions.swift in Sources */,
				C48821222905A8B7002DB0A8 /* WorkoutModel.swift in Sources */,
				C493A86B28FF1DA00080C8F6 /* CloseButton.swift in Sources */,
				C419DFC62901BB13000E867B /* StatisticTableView.swift in Sources */,
				C442E61728F09A5400A788AD /* UIColor + Extensions.swift in Sources */,
				C4C2CEAF28FC522700FCD071 /* NewWorkoutViewController.swift in Sources */,
				C4C2CEB328FC755100FCD071 /* RepsOrTimerView.swift in Sources */,
				C4593FBA28F6FD3F00B46057 /* StatistictsTableViewCell.swift in Sources */,
				C422B6A428F89437008C1E9F /* MainTabBarController.swift in Sources */,
				C4ED1EC129084AE900BF16DD /* RealmManager.swift in Sources */,
				C493A86628FF1CAD0080C8F6 /* UILabel + Extensions.swift in Sources */,
				C49DD96D28F32B2800A0D1C0 /* CalendarCollectionViewCell.swift in Sources */,
				C4ED1EBE2908445E00BF16DD /* Date.swift in Sources */,
				C442E61428F098D900A788AD /* UIFont + Extensions.swift in Sources */,
				C40DCF0D28ECA85F009E4F3A /* SceneDelegate.swift in Sources */,
				C488211F29058DD3002DB0A8 /* Int + Extensions.swift in Sources */,
			);
			runOnlyForDeploymentPostprocessing = 0;
		};
/* End PBXSourcesBuildPhase section */

/* Begin PBXVariantGroup section */
		C40DCF1528ECA860009E4F3A /* LaunchScreen.storyboard */ = {
			isa = PBXVariantGroup;
			children = (
				C40DCF1628ECA860009E4F3A /* Base */,
			);
			name = LaunchScreen.storyboard;
			sourceTree = "<group>";
		};
/* End PBXVariantGroup section */

/* Begin XCBuildConfiguration section */
		C40DCF1928ECA860009E4F3A /* Debug */ = {
			isa = XCBuildConfiguration;
			buildSettings = {
				ALWAYS_SEARCH_USER_PATHS = NO;
				CLANG_ANALYZER_NONNULL = YES;
				CLANG_ANALYZER_NUMBER_OBJECT_CONVERSION = YES_AGGRESSIVE;
				CLANG_CXX_LANGUAGE_STANDARD = "gnu++17";
				CLANG_CXX_LIBRARY = "libc++";
				CLANG_ENABLE_MODULES = YES;
				CLANG_ENABLE_OBJC_ARC = YES;
				CLANG_ENABLE_OBJC_WEAK = YES;
				CLANG_WARN_BLOCK_CAPTURE_AUTORELEASING = YES;
				CLANG_WARN_BOOL_CONVERSION = YES;
				CLANG_WARN_COMMA = YES;
				CLANG_WARN_CONSTANT_CONVERSION = YES;
				CLANG_WARN_DEPRECATED_OBJC_IMPLEMENTATIONS = YES;
				CLANG_WARN_DIRECT_OBJC_ISA_USAGE = YES_ERROR;
				CLANG_WARN_DOCUMENTATION_COMMENTS = YES;
				CLANG_WARN_EMPTY_BODY = YES;
				CLANG_WARN_ENUM_CONVERSION = YES;
				CLANG_WARN_INFINITE_RECURSION = YES;
				CLANG_WARN_INT_CONVERSION = YES;
				CLANG_WARN_NON_LITERAL_NULL_CONVERSION = YES;
				CLANG_WARN_OBJC_IMPLICIT_RETAIN_SELF = YES;
				CLANG_WARN_OBJC_LITERAL_CONVERSION = YES;
				CLANG_WARN_OBJC_ROOT_CLASS = YES_ERROR;
				CLANG_WARN_QUOTED_INCLUDE_IN_FRAMEWORK_HEADER = YES;
				CLANG_WARN_RANGE_LOOP_ANALYSIS = YES;
				CLANG_WARN_STRICT_PROTOTYPES = YES;
				CLANG_WARN_SUSPICIOUS_MOVE = YES;
				CLANG_WARN_UNGUARDED_AVAILABILITY = YES_AGGRESSIVE;
				CLANG_WARN_UNREACHABLE_CODE = YES;
				CLANG_WARN__DUPLICATE_METHOD_MATCH = YES;
				COPY_PHASE_STRIP = NO;
				DEBUG_INFORMATION_FORMAT = dwarf;
				ENABLE_STRICT_OBJC_MSGSEND = YES;
				ENABLE_TESTABILITY = YES;
				GCC_C_LANGUAGE_STANDARD = gnu11;
				GCC_DYNAMIC_NO_PIC = NO;
				GCC_NO_COMMON_BLOCKS = YES;
				GCC_OPTIMIZATION_LEVEL = 0;
				GCC_PREPROCESSOR_DEFINITIONS = (
					"DEBUG=1",
					"$(inherited)",
				);
				GCC_WARN_64_TO_32_BIT_CONVERSION = YES;
				GCC_WARN_ABOUT_RETURN_TYPE = YES_ERROR;
				GCC_WARN_UNDECLARED_SELECTOR = YES;
				GCC_WARN_UNINITIALIZED_AUTOS = YES_AGGRESSIVE;
				GCC_WARN_UNUSED_FUNCTION = YES;
				GCC_WARN_UNUSED_VARIABLE = YES;
				IPHONEOS_DEPLOYMENT_TARGET = 13.0;
				MTL_ENABLE_DEBUG_INFO = INCLUDE_SOURCE;
				MTL_FAST_MATH = YES;
				ONLY_ACTIVE_ARCH = YES;
				SDKROOT = iphoneos;
				SWIFT_ACTIVE_COMPILATION_CONDITIONS = DEBUG;
				SWIFT_OPTIMIZATION_LEVEL = "-Onone";
			};
			name = Debug;
		};
		C40DCF1A28ECA860009E4F3A /* Release */ = {
			isa = XCBuildConfiguration;
			buildSettings = {
				ALWAYS_SEARCH_USER_PATHS = NO;
				CLANG_ANALYZER_NONNULL = YES;
				CLANG_ANALYZER_NUMBER_OBJECT_CONVERSION = YES_AGGRESSIVE;
				CLANG_CXX_LANGUAGE_STANDARD = "gnu++17";
				CLANG_CXX_LIBRARY = "libc++";
				CLANG_ENABLE_MODULES = YES;
				CLANG_ENABLE_OBJC_ARC = YES;
				CLANG_ENABLE_OBJC_WEAK = YES;
				CLANG_WARN_BLOCK_CAPTURE_AUTORELEASING = YES;
				CLANG_WARN_BOOL_CONVERSION = YES;
				CLANG_WARN_COMMA = YES;
				CLANG_WARN_CONSTANT_CONVERSION = YES;
				CLANG_WARN_DEPRECATED_OBJC_IMPLEMENTATIONS = YES;
				CLANG_WARN_DIRECT_OBJC_ISA_USAGE = YES_ERROR;
				CLANG_WARN_DOCUMENTATION_COMMENTS = YES;
				CLANG_WARN_EMPTY_BODY = YES;
				CLANG_WARN_ENUM_CONVERSION = YES;
				CLANG_WARN_INFINITE_RECURSION = YES;
				CLANG_WARN_INT_CONVERSION = YES;
				CLANG_WARN_NON_LITERAL_NULL_CONVERSION = YES;
				CLANG_WARN_OBJC_IMPLICIT_RETAIN_SELF = YES;
				CLANG_WARN_OBJC_LITERAL_CONVERSION = YES;
				CLANG_WARN_OBJC_ROOT_CLASS = YES_ERROR;
				CLANG_WARN_QUOTED_INCLUDE_IN_FRAMEWORK_HEADER = YES;
				CLANG_WARN_RANGE_LOOP_ANALYSIS = YES;
				CLANG_WARN_STRICT_PROTOTYPES = YES;
				CLANG_WARN_SUSPICIOUS_MOVE = YES;
				CLANG_WARN_UNGUARDED_AVAILABILITY = YES_AGGRESSIVE;
				CLANG_WARN_UNREACHABLE_CODE = YES;
				CLANG_WARN__DUPLICATE_METHOD_MATCH = YES;
				COPY_PHASE_STRIP = NO;
				DEBUG_INFORMATION_FORMAT = "dwarf-with-dsym";
				ENABLE_NS_ASSERTIONS = NO;
				ENABLE_STRICT_OBJC_MSGSEND = YES;
				GCC_C_LANGUAGE_STANDARD = gnu11;
				GCC_NO_COMMON_BLOCKS = YES;
				GCC_WARN_64_TO_32_BIT_CONVERSION = YES;
				GCC_WARN_ABOUT_RETURN_TYPE = YES_ERROR;
				GCC_WARN_UNDECLARED_SELECTOR = YES;
				GCC_WARN_UNINITIALIZED_AUTOS = YES_AGGRESSIVE;
				GCC_WARN_UNUSED_FUNCTION = YES;
				GCC_WARN_UNUSED_VARIABLE = YES;
				IPHONEOS_DEPLOYMENT_TARGET = 13.0;
				MTL_ENABLE_DEBUG_INFO = NO;
				MTL_FAST_MATH = YES;
				SDKROOT = iphoneos;
				SWIFT_COMPILATION_MODE = wholemodule;
				SWIFT_OPTIMIZATION_LEVEL = "-O";
				VALIDATE_PRODUCT = YES;
			};
			name = Release;
		};
		C40DCF1C28ECA860009E4F3A /* Debug */ = {
			isa = XCBuildConfiguration;
			buildSettings = {
				ASSETCATALOG_COMPILER_APPICON_NAME = AppIcon;
				ASSETCATALOG_COMPILER_GLOBAL_ACCENT_COLOR_NAME = AccentColor;
				CODE_SIGN_STYLE = Automatic;
				CURRENT_PROJECT_VERSION = 1;
				DEVELOPMENT_TEAM = 34Q7SMW5N8;
				GENERATE_INFOPLIST_FILE = YES;
				INFOPLIST_FILE = WorkoutTracker/Resources/Info.plist;
				INFOPLIST_KEY_UIApplicationSupportsIndirectInputEvents = YES;
				INFOPLIST_KEY_UILaunchStoryboardName = LaunchScreen;
				INFOPLIST_KEY_UISupportedInterfaceOrientations = UIInterfaceOrientationPortrait;
				INFOPLIST_KEY_UISupportedInterfaceOrientations_iPad = "UIInterfaceOrientationPortrait UIInterfaceOrientationPortraitUpsideDown UIInterfaceOrientationLandscapeLeft UIInterfaceOrientationLandscapeRight";
				INFOPLIST_KEY_UISupportedInterfaceOrientations_iPhone = "UIInterfaceOrientationPortrait UIInterfaceOrientationLandscapeLeft UIInterfaceOrientationLandscapeRight";
				IPHONEOS_DEPLOYMENT_TARGET = 13.0;
				LD_RUNPATH_SEARCH_PATHS = (
					"$(inherited)",
					"@executable_path/Frameworks",
				);
				MARKETING_VERSION = 1.0;
				PRODUCT_BUNDLE_IDENTIFIER = YP.WorkoutTracker;
				PRODUCT_NAME = "$(TARGET_NAME)";
				SWIFT_EMIT_LOC_STRINGS = YES;
				SWIFT_VERSION = 5.0;
				TARGETED_DEVICE_FAMILY = 1;
			};
			name = Debug;
		};
		C40DCF1D28ECA860009E4F3A /* Release */ = {
			isa = XCBuildConfiguration;
			buildSettings = {
				ASSETCATALOG_COMPILER_APPICON_NAME = AppIcon;
				ASSETCATALOG_COMPILER_GLOBAL_ACCENT_COLOR_NAME = AccentColor;
				CODE_SIGN_STYLE = Automatic;
				CURRENT_PROJECT_VERSION = 1;
				DEVELOPMENT_TEAM = 34Q7SMW5N8;
				GENERATE_INFOPLIST_FILE = YES;
				INFOPLIST_FILE = WorkoutTracker/Resources/Info.plist;
				INFOPLIST_KEY_UIApplicationSupportsIndirectInputEvents = YES;
				INFOPLIST_KEY_UILaunchStoryboardName = LaunchScreen;
				INFOPLIST_KEY_UISupportedInterfaceOrientations = UIInterfaceOrientationPortrait;
				INFOPLIST_KEY_UISupportedInterfaceOrientations_iPad = "UIInterfaceOrientationPortrait UIInterfaceOrientationPortraitUpsideDown UIInterfaceOrientationLandscapeLeft UIInterfaceOrientationLandscapeRight";
				INFOPLIST_KEY_UISupportedInterfaceOrientations_iPhone = "UIInterfaceOrientationPortrait UIInterfaceOrientationLandscapeLeft UIInterfaceOrientationLandscapeRight";
				IPHONEOS_DEPLOYMENT_TARGET = 13.0;
				LD_RUNPATH_SEARCH_PATHS = (
					"$(inherited)",
					"@executable_path/Frameworks",
				);
				MARKETING_VERSION = 1.0;
				PRODUCT_BUNDLE_IDENTIFIER = YP.WorkoutTracker;
				PRODUCT_NAME = "$(TARGET_NAME)";
				SWIFT_EMIT_LOC_STRINGS = YES;
				SWIFT_VERSION = 5.0;
				TARGETED_DEVICE_FAMILY = 1;
			};
			name = Release;
		};
/* End XCBuildConfiguration section */

/* Begin XCConfigurationList section */
		C40DCF0228ECA85F009E4F3A /* Build configuration list for PBXProject "WorkoutTracker" */ = {
			isa = XCConfigurationList;
			buildConfigurations = (
				C40DCF1928ECA860009E4F3A /* Debug */,
				C40DCF1A28ECA860009E4F3A /* Release */,
			);
			defaultConfigurationIsVisible = 0;
			defaultConfigurationName = Release;
		};
		C40DCF1B28ECA860009E4F3A /* Build configuration list for PBXNativeTarget "WorkoutTracker" */ = {
			isa = XCConfigurationList;
			buildConfigurations = (
				C40DCF1C28ECA860009E4F3A /* Debug */,
				C40DCF1D28ECA860009E4F3A /* Release */,
			);
			defaultConfigurationIsVisible = 0;
			defaultConfigurationName = Release;
		};
/* End XCConfigurationList section */

/* Begin XCRemoteSwiftPackageReference section */
		C419DFC92901CB3F000E867B /* XCRemoteSwiftPackageReference "realm-swift" */ = {
			isa = XCRemoteSwiftPackageReference;
			repositoryURL = "https://github.com/realm/realm-swift.git";
			requirement = {
				branch = master;
				kind = branch;
			};
		};
/* End XCRemoteSwiftPackageReference section */

/* Begin XCSwiftPackageProductDependency section */
		C419DFCA2901CB3F000E867B /* Realm */ = {
			isa = XCSwiftPackageProductDependency;
			package = C419DFC92901CB3F000E867B /* XCRemoteSwiftPackageReference "realm-swift" */;
			productName = Realm;
		};
		C419DFCC2901CB3F000E867B /* RealmSwift */ = {
			isa = XCSwiftPackageProductDependency;
			package = C419DFC92901CB3F000E867B /* XCRemoteSwiftPackageReference "realm-swift" */;
			productName = RealmSwift;
		};
/* End XCSwiftPackageProductDependency section */
	};
	rootObject = C40DCEFF28ECA85F009E4F3A /* Project object */;
}
